
Microsoft Visual Studio Solution File, Format Version 12.00
# Visual Studio 15
Project("{FAE04EC0-301F-11D3-BF4B-00C04F79EFBC}") = "ChatApplication", "ChatApplication\ChatApplication.csproj", "{C2ADB52B-AA75-4C54-BB5A-D7DE0DF2FA8F}"
EndProject
Project("{FAE04EC0-301F-11D3-BF4B-00C04F79EFBC}") = "WebSocketsConsole", "WebSocketsConsole\WebSocketsConsole.csproj", "{BF12FAF0-FBE1-4DC4-9224-5A1DD631DB4A}"
EndProject
Global
	GlobalSection(SolutionConfigurationPlatforms) = preSolution
		Debug|Any CPU = Debug|Any CPU
		Release|Any CPU = Release|Any CPU
	EndGlobalSection
	GlobalSection(ProjectConfigurationPlatforms) = postSolution
		{C2ADB52B-AA75-4C54-BB5A-D7DE0DF2FA8F}.Debug|Any CPU.ActiveCfg = Debug|Any CPU
		{C2ADB52B-AA75-4C54-BB5A-D7DE0DF2FA8F}.Debug|Any CPU.Build.0 = Debug|Any CPU
		{C2ADB52B-AA75-4C54-BB5A-D7DE0DF2FA8F}.Release|Any CPU.ActiveCfg = Release|Any CPU
		{C2ADB52B-AA75-4C54-BB5A-D7DE0DF2FA8F}.Release|Any CPU.Build.0 = Release|Any CPU
		{BF12FAF0-FBE1-4DC4-9224-5A1DD631DB4A}.Debug|Any CPU.ActiveCfg = Debug|Any CPU
		{BF12FAF0-FBE1-4DC4-9224-5A1DD631DB4A}.Debug|Any CPU.Build.0 = Debug|Any CPU
		{BF12FAF0-FBE1-4DC4-9224-5A1DD631DB4A}.Release|Any CPU.ActiveCfg = Release|Any CPU
		{BF12FAF0-FBE1-4DC4-9224-5A1DD631DB4A}.Release|Any CPU.Build.0 = Release|Any CPU
	EndGlobalSection
EndGlobal
